{
  "name": "vite_react_shadcn_ts",
  "version": "0.0.0",
  "lockfileVersion": 1,
  "requires": true,
  "dependencies": {
    "@axe-core/playwright": {
      "version": "4.11.3",
      "resolved": "https://registry.npmjs.org/@axe-core/playwright/-/playwright-4.11.3.tgz",
      "integrity": "sha512-h/kfksv4F0cVIDlKpT4700OehdRgpvuVskuQ2nb7/JmtWUXpe9ftHAPtwyXGvVSsa6SJ64A9ER7Zrzc/sIvC4w==",
      "dev": true,
      "requires": {
        "axe-core": "~4.11.4"
      }
    },
    "axe-core": {
      "version": "4.11.4",
      "resolved": "https://registry.npmjs.org/axe-core/-/axe-core-4.11.4.tgz",
      "integrity": "sha512-KunSNx+TVpkAw/6ULfhnx+HWRecjqZGTOyquAoWHYLRSdK1tB5Ihce1ZW+UY3fj33bYAFWPu7W/GRSmmrCGuxA==",
      "dev": true
    }
  }
}
